
Microsoft Visual Studio Solution File, Format Version 12.00
# Visual Studio 15
VisualStudioVersion = 15.0.26430.13
MinimumVisualStudioVersion = 10.0.40219.1
Project("{FAE04EC0-301F-11D3-BF4B-00C04F79EFBC}") = "VoterSearcher", "VoterSearcher\VoterSearcher.csproj", "{981EC3F3-1427-47D9-B6F8-7E56F1FD105F}"
EndProject
Project("{FAE04EC0-301F-11D3-BF4B-00C04F79EFBC}") = "RenameHjSplitFiles", "RenameHjSplitFiles\RenameHjSplitFiles.csproj", "{1E622DE1-6A95-4D10-BBE2-7B2DDA3566BB}"
EndProject
Project("{FAE04EC0-301F-11D3-BF4B-00C04F79EFBC}") = "ComelecDbLib", "ComelecDbLib\ComelecDbLib.csproj", "{DD67BBDD-8A9D-4575-83F5-F4752946F3A9}"
EndProject
Project("{FAE04EC0-301F-11D3-BF4B-00C04F79EFBC}") = "ElasticSearchWriter", "ElasticSearchWriter\ElasticSearchWriter.csproj", "{AACA2B02-D790-49B5-A174-D8E94B9E1BBC}"
EndProject
Global
	GlobalSection(SolutionConfigurationPlatforms) = preSolution
		Debug|Any CPU = Debug|Any CPU
		Release|Any CPU = Release|Any CPU
	EndGlobalSection
	GlobalSection(ProjectConfigurationPlatforms) = postSolution
		{981EC3F3-1427-47D9-B6F8-7E56F1FD105F}.Debug|Any CPU.ActiveCfg = Debug|Any CPU
		{981EC3F3-1427-47D9-B6F8-7E56F1FD105F}.Debug|Any CPU.Build.0 = Debug|Any CPU
		{981EC3F3-1427-47D9-B6F8-7E56F1FD105F}.Release|Any CPU.ActiveCfg = Release|Any CPU
		{981EC3F3-1427-47D9-B6F8-7E56F1FD105F}.Release|Any CPU.Build.0 = Release|Any CPU
		{1E622DE1-6A95-4D10-BBE2-7B2DDA3566BB}.Debug|Any CPU.ActiveCfg = Debug|Any CPU
		{1E622DE1-6A95-4D10-BBE2-7B2DDA3566BB}.Debug|Any CPU.Build.0 = Debug|Any CPU
		{1E622DE1-6A95-4D10-BBE2-7B2DDA3566BB}.Release|Any CPU.ActiveCfg = Release|Any CPU
		{1E622DE1-6A95-4D10-BBE2-7B2DDA3566BB}.Release|Any CPU.Build.0 = Release|Any CPU
		{DD67BBDD-8A9D-4575-83F5-F4752946F3A9}.Debug|Any CPU.ActiveCfg = Debug|Any CPU
		{DD67BBDD-8A9D-4575-83F5-F4752946F3A9}.Debug|Any CPU.Build.0 = Debug|Any CPU
		{DD67BBDD-8A9D-4575-83F5-F4752946F3A9}.Release|Any CPU.ActiveCfg = Release|Any CPU
		{DD67BBDD-8A9D-4575-83F5-F4752946F3A9}.Release|Any CPU.Build.0 = Release|Any CPU
		{AACA2B02-D790-49B5-A174-D8E94B9E1BBC}.Debug|Any CPU.ActiveCfg = Debug|Any CPU
		{AACA2B02-D790-49B5-A174-D8E94B9E1BBC}.Debug|Any CPU.Build.0 = Debug|Any CPU
		{AACA2B02-D790-49B5-A174-D8E94B9E1BBC}.Release|Any CPU.ActiveCfg = Release|Any CPU
		{AACA2B02-D790-49B5-A174-D8E94B9E1BBC}.Release|Any CPU.Build.0 = Release|Any CPU
	EndGlobalSection
	GlobalSection(SolutionProperties) = preSolution
		HideSolutionNode = FALSE
	EndGlobalSection
	GlobalSection(ExtensibilityGlobals) = postSolution
		EnterpriseLibraryConfigurationToolBinariesPath = packages\Unity.2.1.505.0\lib\NET35;packages\Unity.Interception.2.1.505.0\lib\NET35;packages\EnterpriseLibrary.Common.5.0.505.0\lib\NET35;packages\EnterpriseLibrary.Security.5.0.505.0\lib\NET35
	EndGlobalSection
EndGlobal
